
Microsoft Visual Studio Solution File, Format Version 12.00
# Visual Studio Version 17
VisualStudioVersion = 17.1.32210.238
MinimumVisualStudioVersion = 10.0.40219.1
Project("{FAE04EC0-301F-11D3-BF4B-00C04F79EFBC}") = "ConsoleApp4", "ConsoleApp4\ConsoleApp4.csproj", "{BDB8E4C9-4C49-4CDA-93B8-513F01A40811}"
EndProject
Global
	GlobalSection(SolutionConfigurationPlatforms) = preSolution
		Debug|Any CPU = Debug|Any CPU
		Release|Any CPU = Release|Any CPU
	EndGlobalSection
	GlobalSection(ProjectConfigurationPlatforms) = postSolution
		{BDB8E4C9-4C49-4CDA-93B8-513F01A40811}.Debug|Any CPU.ActiveCfg = Debug|Any CPU
		{BDB8E4C9-4C49-4CDA-93B8-513F01A40811}.Debug|Any CPU.Build.0 = Debug|Any CPU
		{BDB8E4C9-4C49-4CDA-93B8-513F01A40811}.Release|Any CPU.ActiveCfg = Release|Any CPU
		{BDB8E4C9-4C49-4CDA-93B8-513F01A40811}.Release|Any CPU.Build.0 = Release|Any CPU
	EndGlobalSection
	GlobalSection(SolutionProperties) = preSolution
		HideSolutionNode = FALSE
	EndGlobalSection
	GlobalSection(ExtensibilityGlobals) = postSolution
		SolutionGuid = {150175CB-006C-4B5A-86F6-D3760E9C060B}
	EndGlobalSection
EndGlobal
